<?xml version="1.0" encoding="UTF-8"?>
<Scheme
   LastUpgradeVersion = "1500"
   version = "1.7">
   <BuildAction
      parallelizeBuildables = "YES"
      buildImplicitDependencies = "YES">
      <BuildActionEntries>
         <BuildActionEntry
            buildForTesting = "YES"
            buildForRunning = "YES"
            buildForProfiling = "YES"
            buildForArchiving = "YES"
            buildForAnalyzing = "YES">
            <BuildableReference
               BuildableIdentifier = "primary"
               BlueprintIdentifier = "589948422A819B8500245E29"
               BuildableName = "WatchWorkoutAchievements.app"
               BlueprintName = "WatchWorkoutAchievements"
               ReferencedContainer = "container:WorkoutAchievements.xcodeproj">
            </BuildableReference>
         </BuildActionEntry>
         <BuildActionEntry
            buildForTesting = "YES"
            buildForRunning = "YES"
            buildForProfiling = "YES"
            buildForArchiving = "YES"
            buildForAnalyzing = "YES">
            <BuildableReference
               BuildableIdentifier = "primary"
               BlueprintIdentifier = "58C709572A7B0DD100563FAA"
               BuildableName = "WorkoutAchievements.app"
               BlueprintName = "WorkoutAchievements"
               ReferencedContainer = "container:WorkoutAchievements.xcodeproj">
            </BuildableReference>
         </BuildActionEntry>
      </BuildActionEntries>
   </BuildAction>
   <TestAction
      buildConfiguration = "Debug"
      selectedDebuggerIdentifier = "Xcode.DebuggerFoundation.Debugger.LLDB"
      selectedLauncherIdentifier = "Xcode.DebuggerFoundation.Launcher.LLDB"
      shouldUseLaunchSchemeArgsEnv = "YES"
      shouldAutocreateTestPlan = "YES">
      <Testables>
         <TestableReference
            skipped = "NO"
            parallelizable = "YES">
            <BuildableReference
               BuildableIdentifier = "primary"
               BlueprintIdentifier = "5899485B2A819B8700245E29"
               BuildableName = "WatchWorkoutAchievements Watch AppUITests.xctest"
               BlueprintName = "WatchWorkoutAchievements Watch AppUITests"
               ReferencedContainer = "container:WorkoutAchievements.xcodeproj">
            </BuildableReference>
         </TestableReference>
         <TestableReference
            skipped = "NO"
            parallelizable = "YES">
            <BuildableReference
               BuildableIdentifier = "primary"
               BlueprintIdentifier = "589948512A819B8700245E29"
               BuildableName = "WatchWorkoutAchievements Watch AppTests.xctest"
               BlueprintName = "WatchWorkoutAchievements Watch AppTests"
               ReferencedContainer = "container:WorkoutAchievements.xcodeproj">
            </BuildableReference>
         </TestableReference>
      </Testables>
   </TestAction>
   <LaunchAction
      buildConfiguration = "Debug"
      selectedDebuggerIdentifier = "Xcode.DebuggerFoundation.Debugger.LLDB"
      selectedLauncherIdentifier = "Xcode.DebuggerFoundation.Launcher.LLDB"
      launchStyle = "0"
      useCustomWorkingDirectory = "NO"
      ignoresPersistentStateOnLaunch = "NO"
      debugDocumentVersioning = "YES"
      debugServiceExtension = "internal"
      allowLocationSimulation = "YES">
      <RemoteRunnable
         runnableDebuggingMode = "2"
         BundleIdentifier = "com.apple.Carousel"
         RemotePath = "/WatchWorkoutAchievements">
         <BuildableReference
            BuildableIdentifier = "primary"
            BlueprintIdentifier = "589948422A819B8500245E29"
            BuildableName = "WatchWorkoutAchievements.app"
            BlueprintName = "WatchWorkoutAchievements"
            ReferencedContainer = "container:WorkoutAchievements.xcodeproj">
         </BuildableReference>
      </RemoteRunnable>
   </LaunchAction>
   <ProfileAction
      buildConfiguration = "Release"
      shouldUseLaunchSchemeArgsEnv = "YES"
      savedToolIdentifier = ""
      useCustomWorkingDirectory = "NO"
      debugDocumentVersioning = "YES">
      <RemoteRunnable
         runnableDebuggingMode = "2"
         BundleIdentifier = "com.apple.Carousel"
         RemotePath = "/WatchWorkoutAchievements">
         <BuildableReference
            BuildableIdentifier = "primary"
            BlueprintIdentifier = "589948422A819B8500245E29"
            BuildableName = "WatchWorkoutAchievements.app"
            BlueprintName = "WatchWorkoutAchievements"
            ReferencedContainer = "container:WorkoutAchievements.xcodeproj">
         </BuildableReference>
      </RemoteRunnable>
   </ProfileAction>
   <AnalyzeAction
      buildConfiguration = "Debug">
   </AnalyzeAction>
   <ArchiveAction
      buildConfiguration = "Release"
      revealArchiveInOrganizer = "YES">
   </ArchiveAction>
</Scheme>
